// !$*UTF8*$!
{
	archiveVersion = 1;
	classes = {
	};
	objectVersion = 56;
	objects = {

/* Begin PBXBuildFile section */
		2A0000010000000000000001 /* CoverFlowFinderApp.swift in Sources */ = {isa = PBXBuildFile; fileRef = 2A0000020000000000000001 /* CoverFlowFinderApp.swift */; };
		2A0000010000000000000002 /* ContentView.swift in Sources */ = {isa = PBXBuildFile; fileRef = 2A0000020000000000000002 /* ContentView.swift */; };
		2A0000010000000000000003 /* CoverFlowView.swift in Sources */ = {isa = PBXBuildFile; fileRef = 2A0000020000000000000003 /* CoverFlowView.swift */; };
		2A0000010000000000000004 /* SidebarView.swift in Sources */ = {isa = PBXBuildFile; fileRef = 2A0000020000000000000004 /* SidebarView.swift */; };
		2A0000010000000000000005 /* IconGridView.swift in Sources */ = {isa = PBXBuildFile; fileRef = 2A0000020000000000000005 /* IconGridView.swift */; };
		2A0000010000000000000006 /* FileListView.swift in Sources */ = {isa = PBXBuildFile; fileRef = 2A0000020000000000000006 /* FileListView.swift */; };
		2A0000010000000000000007 /* ColumnView.swift in Sources */ = {isa = PBXBuildFile; fileRef = 2A0000020000000000000007 /* ColumnView.swift */; };
		2A0000010000000000000008 /* FileItem.swift in Sources */ = {isa = PBXBuildFile; fileRef = 2A0000020000000000000008 /* FileItem.swift */; };
		2A0000010000000000000009 /* FileBrowserViewModel.swift in Sources */ = {isa = PBXBuildFile; fileRef = 2A0000020000000000000009 /* FileBrowserViewModel.swift */; };
		2A0000010000000000000010 /* Assets.xcassets in Resources */ = {isa = PBXBuildFile; fileRef = 2A0000020000000000000010 /* Assets.xcassets */; };
		2A0000010000000000000013 /* DualPaneView.swift in Sources */ = {isa = PBXBuildFile; fileRef = 2A0000020000000000000013 /* DualPaneView.swift */; };
		2A0000010000000000000014 /* FileInfoView.swift in Sources */ = {isa = PBXBuildFile; fileRef = 2A0000020000000000000014 /* FileInfoView.swift */; };
		2A0000010000000000000016 /* KeyboardHandler.swift in Sources */ = {isa = PBXBuildFile; fileRef = 2A0000020000000000000016 /* KeyboardHandler.swift */; };
		2A0000010000000000000017 /* TabBarView.swift in Sources */ = {isa = PBXBuildFile; fileRef = 2A0000020000000000000017 /* TabBarView.swift */; };
/* End PBXBuildFile section */

/* Begin PBXFileReference section */
		2A0000020000000000000001 /* CoverFlowFinderApp.swift */ = {isa = PBXFileReference; lastKnownFileType = sourcecode.swift; path = CoverFlowFinderApp.swift; sourceTree = "<group>"; };
		2A0000020000000000000002 /* ContentView.swift */ = {isa = PBXFileReference; lastKnownFileType = sourcecode.swift; path = ContentView.swift; sourceTree = "<group>"; };
		2A0000020000000000000003 /* CoverFlowView.swift */ = {isa = PBXFileReference; lastKnownFileType = sourcecode.swift; path = CoverFlowView.swift; sourceTree = "<group>"; };
		2A0000020000000000000004 /* SidebarView.swift */ = {isa = PBXFileReference; lastKnownFileType = sourcecode.swift; path = SidebarView.swift; sourceTree = "<group>"; };
		2A0000020000000000000005 /* IconGridView.swift */ = {isa = PBXFileReference; lastKnownFileType = sourcecode.swift; path = IconGridView.swift; sourceTree = "<group>"; };
		2A0000020000000000000006 /* FileListView.swift */ = {isa = PBXFileReference; lastKnownFileType = sourcecode.swift; path = FileListView.swift; sourceTree = "<group>"; };
		2A0000020000000000000007 /* ColumnView.swift */ = {isa = PBXFileReference; lastKnownFileType = sourcecode.swift; path = ColumnView.swift; sourceTree = "<group>"; };
		2A0000020000000000000008 /* FileItem.swift */ = {isa = PBXFileReference; lastKnownFileType = sourcecode.swift; path = FileItem.swift; sourceTree = "<group>"; };
		2A0000020000000000000009 /* FileBrowserViewModel.swift */ = {isa = PBXFileReference; lastKnownFileType = sourcecode.swift; path = FileBrowserViewModel.swift; sourceTree = "<group>"; };
		2A0000020000000000000010 /* Assets.xcassets */ = {isa = PBXFileReference; lastKnownFileType = folder.assetcatalog; path = Assets.xcassets; sourceTree = "<group>"; };
		2A0000020000000000000011 /* CoverFlowFinder.entitlements */ = {isa = PBXFileReference; lastKnownFileType = text.plist.entitlements; path = CoverFlowFinder.entitlements; sourceTree = "<group>"; };
		2A0000020000000000000012 /* Info.plist */ = {isa = PBXFileReference; lastKnownFileType = text.plist.xml; path = Info.plist; sourceTree = "<group>"; };
		2A0000020000000000000013 /* DualPaneView.swift */ = {isa = PBXFileReference; lastKnownFileType = sourcecode.swift; path = DualPaneView.swift; sourceTree = "<group>"; };
		2A0000020000000000000014 /* FileInfoView.swift */ = {isa = PBXFileReference; lastKnownFileType = sourcecode.swift; path = FileInfoView.swift; sourceTree = "<group>"; };
		2A0000020000000000000016 /* KeyboardHandler.swift */ = {isa = PBXFileReference; lastKnownFileType = sourcecode.swift; path = KeyboardHandler.swift; sourceTree = "<group>"; };
		2A0000020000000000000017 /* TabBarView.swift */ = {isa = PBXFileReference; lastKnownFileType = sourcecode.swift; path = TabBarView.swift; sourceTree = "<group>"; };
		2A0000030000000000000001 /* CoverFlowFinder.app */ = {isa = PBXFileReference; explicitFileType = wrapper.application; includeInIndex = 0; path = CoverFlowFinder.app; sourceTree = BUILT_PRODUCTS_DIR; };
/* End PBXFileReference section */

/* Begin PBXFrameworksBuildPhase section */
		2A0000040000000000000001 /* Frameworks */ = {
			isa = PBXFrameworksBuildPhase;
			buildActionMask = 2147483647;
			files = (
			);
			runOnlyForDeploymentPostprocessing = 0;
		};
/* End PBXFrameworksBuildPhase section */

/* Begin PBXGroup section */
		2A0000050000000000000001 = {
			isa = PBXGroup;
			children = (
				2A0000050000000000000002 /* CoverFlowFinder */,
				2A0000050000000000000003 /* Products */,
			);
			sourceTree = "<group>";
		};
		2A0000050000000000000002 /* CoverFlowFinder */ = {
			isa = PBXGroup;
			children = (
				2A0000020000000000000001 /* CoverFlowFinderApp.swift */,
				2A0000050000000000000004 /* Views */,
				2A0000050000000000000005 /* Models */,
				2A0000050000000000000006 /* ViewModels */,
				2A0000020000000000000010 /* Assets.xcassets */,
				2A0000020000000000000011 /* CoverFlowFinder.entitlements */,
				2A0000020000000000000012 /* Info.plist */,
			);
			path = CoverFlowFinder;
			sourceTree = "<group>";
		};
		2A0000050000000000000003 /* Products */ = {
			isa = PBXGroup;
			children = (
				2A0000030000000000000001 /* CoverFlowFinder.app */,
			);
			name = Products;
			sourceTree = "<group>";
		};
		2A0000050000000000000004 /* Views */ = {
			isa = PBXGroup;
			children = (
				2A0000020000000000000002 /* ContentView.swift */,
				2A0000020000000000000003 /* CoverFlowView.swift */,
				2A0000020000000000000004 /* SidebarView.swift */,
				2A0000020000000000000005 /* IconGridView.swift */,
				2A0000020000000000000006 /* FileListView.swift */,
				2A0000020000000000000007 /* ColumnView.swift */,
				2A0000020000000000000013 /* DualPaneView.swift */,
				2A0000020000000000000014 /* FileInfoView.swift */,
				2A0000020000000000000016 /* KeyboardHandler.swift */,
				2A0000020000000000000017 /* TabBarView.swift */,
			);
			path = Views;
			sourceTree = "<group>";
		};
		2A0000050000000000000005 /* Models */ = {
			isa = PBXGroup;
			children = (
				2A0000020000000000000008 /* FileItem.swift */,
			);
			path = Models;
			sourceTree = "<group>";
		};
		2A0000050000000000000006 /* ViewModels */ = {
			isa = PBXGroup;
			children = (
				2A0000020000000000000009 /* FileBrowserViewModel.swift */,
			);
			path = ViewModels;
			sourceTree = "<group>";
		};
/* End PBXGroup section */

/* Begin PBXNativeTarget section */
		2A0000060000000000000001 /* CoverFlowFinder */ = {
			isa = PBXNativeTarget;
			buildConfigurationList = 2A0000080000000000000001 /* Build configuration list for PBXNativeTarget "CoverFlowFinder" */;
			buildPhases = (
				2A0000070000000000000001 /* Sources */,
				2A0000040000000000000001 /* Frameworks */,
				2A0000070000000000000002 /* Resources */,
			);
			buildRules = (
			);
			dependencies = (
			);
			name = CoverFlowFinder;
			productName = CoverFlowFinder;
			productReference = 2A0000030000000000000001 /* CoverFlowFinder.app */;
			productType = "com.apple.product-type.application";
		};
/* End PBXNativeTarget section */

/* Begin PBXProject section */
		2A0000090000000000000001 /* Project object */ = {
			isa = PBXProject;
			attributes = {
				BuildIndependentTargetsInParallel = 1;
				LastSwiftUpdateCheck = 1500;
				LastUpgradeCheck = 1500;
				TargetAttributes = {
					2A0000060000000000000001 = {
						CreatedOnToolsVersion = 15.0;
					};
				};
			};
			buildConfigurationList = 2A0000080000000000000002 /* Build configuration list for PBXProject "CoverFlowFinder" */;
			compatibilityVersion = "Xcode 14.0";
			developmentRegion = en;
			hasScannedForEncodings = 0;
			knownRegions = (
				en,
				Base,
			);
			mainGroup = 2A0000050000000000000001;
			productRefGroup = 2A0000050000000000000003 /* Products */;
			projectDirPath = "";
			projectRoot = "";
			targets = (
				2A0000060000000000000001 /* CoverFlowFinder */,
			);
		};
/* End PBXProject section */

/* Begin PBXResourcesBuildPhase section */
		2A0000070000000000000002 /* Resources */ = {
			isa = PBXResourcesBuildPhase;
			buildActionMask = 2147483647;
			files = (
				2A0000010000000000000010 /* Assets.xcassets in Resources */,
			);
			runOnlyForDeploymentPostprocessing = 0;
		};
/* End PBXResourcesBuildPhase section */

/* Begin PBXSourcesBuildPhase section */
		2A0000070000000000000001 /* Sources */ = {
			isa = PBXSourcesBuildPhase;
			buildActionMask = 2147483647;
			files = (
				2A0000010000000000000001 /* CoverFlowFinderApp.swift in Sources */,
				2A0000010000000000000002 /* ContentView.swift in Sources */,
				2A0000010000000000000003 /* CoverFlowView.swift in Sources */,
				2A0000010000000000000004 /* SidebarView.swift in Sources */,
				2A0000010000000000000005 /* IconGridView.swift in Sources */,
				2A0000010000000000000006 /* FileListView.swift in Sources */,
				2A0000010000000000000007 /* ColumnView.swift in Sources */,
				2A0000010000000000000008 /* FileItem.swift in Sources */,
				2A0000010000000000000009 /* FileBrowserViewModel.swift in Sources */,
				2A0000010000000000000013 /* DualPaneView.swift in Sources */,
				2A0000010000000000000014 /* FileInfoView.swift in Sources */,
				2A0000010000000000000016 /* KeyboardHandler.swift in Sources */,
				2A0000010000000000000017 /* TabBarView.swift in Sources */,
			);
			runOnlyForDeploymentPostprocessing = 0;
		};
/* End PBXSourcesBuildPhase section */

/* Begin XCBuildConfiguration section */
		2A00000A0000000000000001 /* Debug */ = {
			isa = XCBuildConfiguration;
			buildSettings = {
				ALWAYS_SEARCH_USER_PATHS = NO;
				ASSETCATALOG_COMPILER_GENERATE_SWIFT_ASSET_SYMBOL_EXTENSIONS = YES;
				CLANG_ANALYZER_NONNULL = YES;
				CLANG_ANALYZER_NUMBER_OBJECT_CONVERSION = YES_AGGRESSIVE;
				CLANG_CXX_LANGUAGE_STANDARD = "gnu++20";
				CLANG_ENABLE_MODULES = YES;
				CLANG_ENABLE_OBJC_ARC = YES;
				CLANG_ENABLE_OBJC_WEAK = YES;
				CLANG_WARN_BLOCK_CAPTURE_AUTORELEASING = YES;
				CLANG_WARN_BOOL_CONVERSION = YES;
				CLANG_WARN_COMMA = YES;
				CLANG_WARN_CONSTANT_CONVERSION = YES;
				CLANG_WARN_DEPRECATED_OBJC_IMPLEMENTATIONS = YES;
				CLANG_WARN_DIRECT_OBJC_ISA_USAGE = YES_ERROR;
				CLANG_WARN_DOCUMENTATION_COMMENTS = YES;
				CLANG_WARN_EMPTY_BODY = YES;
				CLANG_WARN_ENUM_CONVERSION = YES;
				CLANG_WARN_INFINITE_RECURSION = YES;
				CLANG_WARN_INT_CONVERSION = YES;
				CLANG_WARN_NON_LITERAL_NULL_CONVERSION = YES;
				CLANG_WARN_OBJC_IMPLICIT_RETAIN_SELF = YES;
				CLANG_WARN_OBJC_LITERAL_CONVERSION = YES;
				CLANG_WARN_OBJC_ROOT_CLASS = YES_ERROR;
				CLANG_WARN_QUOTED_INCLUDE_IN_FRAMEWORK_HEADER = YES;
				CLANG_WARN_RANGE_LOOP_ANALYSIS = YES;
				CLANG_WARN_STRICT_PROTOTYPES = YES;
				CLANG_WARN_SUSPICIOUS_MOVE = YES;
				CLANG_WARN_UNGUARDED_AVAILABILITY = YES_AGGRESSIVE;
				CLANG_WARN_UNREACHABLE_CODE = YES;
				CLANG_WARN__DUPLICATE_METHOD_MATCH = YES;
				COPY_PHASE_STRIP = NO;
				DEBUG_INFORMATION_FORMAT = dwarf;
				ENABLE_STRICT_OBJC_MSGSEND = YES;
				ENABLE_TESTABILITY = YES;
				ENABLE_USER_SCRIPT_SANDBOXING = YES;
				GCC_C_LANGUAGE_STANDARD = gnu17;
				GCC_DYNAMIC_NO_PIC = NO;
				GCC_NO_COMMON_BLOCKS = YES;
				GCC_OPTIMIZATION_LEVEL = 0;
				GCC_PREPROCESSOR_DEFINITIONS = (
					"DEBUG=1",
					"$(inherited)",
				);
				GCC_WARN_64_TO_32_BIT_CONVERSION = YES;
				GCC_WARN_ABOUT_RETURN_TYPE = YES_ERROR;
				GCC_WARN_UNDECLARED_SELECTOR = YES;
				GCC_WARN_UNINITIALIZED_AUTOS = YES_AGGRESSIVE;
				GCC_WARN_UNUSED_FUNCTION = YES;
				GCC_WARN_UNUSED_VARIABLE = YES;
				LOCALIZATION_PREFERS_STRING_CATALOGS = YES;
				MACOSX_DEPLOYMENT_TARGET = 14.0;
				MTL_ENABLE_DEBUG_INFO = INCLUDE_SOURCE;
				MTL_FAST_MATH = YES;
				ONLY_ACTIVE_ARCH = YES;
				SDKROOT = macosx;
				SWIFT_ACTIVE_COMPILATION_CONDITIONS = "DEBUG $(inherited)";
				SWIFT_OPTIMIZATION_LEVEL = "-Onone";
			};
			name = Debug;
		};
		2A00000A0000000000000002 /* Release */ = {
			isa = XCBuildConfiguration;
			buildSettings = {
				ALWAYS_SEARCH_USER_PATHS = NO;
				ASSETCATALOG_COMPILER_GENERATE_SWIFT_ASSET_SYMBOL_EXTENSIONS = YES;
				CLANG_ANALYZER_NONNULL = YES;
				CLANG_ANALYZER_NUMBER_OBJECT_CONVERSION = YES_AGGRESSIVE;
				CLANG_CXX_LANGUAGE_STANDARD = "gnu++20";
				CLANG_ENABLE_MODULES = YES;
				CLANG_ENABLE_OBJC_ARC = YES;
				CLANG_ENABLE_OBJC_WEAK = YES;
				CLANG_WARN_BLOCK_CAPTURE_AUTORELEASING = YES;
				CLANG_WARN_BOOL_CONVERSION = YES;
				CLANG_WARN_COMMA = YES;
				CLANG_WARN_CONSTANT_CONVERSION = YES;
				CLANG_WARN_DEPRECATED_OBJC_IMPLEMENTATIONS = YES;
				CLANG_WARN_DIRECT_OBJC_ISA_USAGE = YES_ERROR;
				CLANG_WARN_DOCUMENTATION_COMMENTS = YES;
				CLANG_WARN_EMPTY_BODY = YES;
				CLANG_WARN_ENUM_CONVERSION = YES;
				CLANG_WARN_INFINITE_RECURSION = YES;
				CLANG_WARN_INT_CONVERSION = YES;
				CLANG_WARN_NON_LITERAL_NULL_CONVERSION = YES;
				CLANG_WARN_OBJC_IMPLICIT_RETAIN_SELF = YES;
				CLANG_WARN_OBJC_LITERAL_CONVERSION = YES;
				CLANG_WARN_OBJC_ROOT_CLASS = YES_ERROR;
				CLANG_WARN_QUOTED_INCLUDE_IN_FRAMEWORK_HEADER = YES;
				CLANG_WARN_RANGE_LOOP_ANALYSIS = YES;
				CLANG_WARN_STRICT_PROTOTYPES = YES;
				CLANG_WARN_SUSPICIOUS_MOVE = YES;
				CLANG_WARN_UNGUARDED_AVAILABILITY = YES_AGGRESSIVE;
				CLANG_WARN_UNREACHABLE_CODE = YES;
				CLANG_WARN__DUPLICATE_METHOD_MATCH = YES;
				COPY_PHASE_STRIP = NO;
				DEBUG_INFORMATION_FORMAT = "dwarf-with-dsym";
				ENABLE_NS_ASSERTIONS = NO;
				ENABLE_STRICT_OBJC_MSGSEND = YES;
				ENABLE_USER_SCRIPT_SANDBOXING = YES;
				GCC_C_LANGUAGE_STANDARD = gnu17;
				GCC_NO_COMMON_BLOCKS = YES;
				GCC_WARN_64_TO_32_BIT_CONVERSION = YES;
				GCC_WARN_ABOUT_RETURN_TYPE = YES_ERROR;
				GCC_WARN_UNDECLARED_SELECTOR = YES;
				GCC_WARN_UNINITIALIZED_AUTOS = YES_AGGRESSIVE;
				GCC_WARN_UNUSED_FUNCTION = YES;
				GCC_WARN_UNUSED_VARIABLE = YES;
				LOCALIZATION_PREFERS_STRING_CATALOGS = YES;
				MACOSX_DEPLOYMENT_TARGET = 14.0;
				MTL_ENABLE_DEBUG_INFO = NO;
				MTL_FAST_MATH = YES;
				SDKROOT = macosx;
				SWIFT_COMPILATION_MODE = wholemodule;
			};
			name = Release;
		};
		2A00000A0000000000000003 /* Debug */ = {
			isa = XCBuildConfiguration;
			buildSettings = {
				ASSETCATALOG_COMPILER_APPICON_NAME = AppIcon;
				ASSETCATALOG_COMPILER_GLOBAL_ACCENT_COLOR_NAME = AccentColor;
				CODE_SIGN_ENTITLEMENTS = CoverFlowFinder/CoverFlowFinder.entitlements;
				CODE_SIGN_STYLE = Automatic;
				COMBINE_HIDPI_IMAGES = YES;
				CURRENT_PROJECT_VERSION = 1;
				DEVELOPMENT_ASSET_PATHS = "";
				ENABLE_PREVIEWS = YES;
				GENERATE_INFOPLIST_FILE = YES;
				INFOPLIST_FILE = CoverFlowFinder/Info.plist;
				INFOPLIST_KEY_NSHumanReadableCopyright = "";
				LD_RUNPATH_SEARCH_PATHS = (
					"$(inherited)",
					"@executable_path/../Frameworks",
				);
				MARKETING_VERSION = 1.0;
				PRODUCT_BUNDLE_IDENTIFIER = com.example.CoverFlowFinder;
				PRODUCT_NAME = "$(TARGET_NAME)";
				SWIFT_EMIT_LOC_STRINGS = YES;
				SWIFT_VERSION = 5.0;
			};
			name = Debug;
		};
		2A00000A0000000000000004 /* Release */ = {
			isa = XCBuildConfiguration;
			buildSettings = {
				ASSETCATALOG_COMPILER_APPICON_NAME = AppIcon;
				ASSETCATALOG_COMPILER_GLOBAL_ACCENT_COLOR_NAME = AccentColor;
				CODE_SIGN_ENTITLEMENTS = CoverFlowFinder/CoverFlowFinder.entitlements;
				CODE_SIGN_STYLE = Automatic;
				COMBINE_HIDPI_IMAGES = YES;
				CURRENT_PROJECT_VERSION = 1;
				DEVELOPMENT_ASSET_PATHS = "";
				ENABLE_PREVIEWS = YES;
				GENERATE_INFOPLIST_FILE = YES;
				INFOPLIST_FILE = CoverFlowFinder/Info.plist;
				INFOPLIST_KEY_NSHumanReadableCopyright = "";
				LD_RUNPATH_SEARCH_PATHS = (
					"$(inherited)",
					"@executable_path/../Frameworks",
				);
				MARKETING_VERSION = 1.0;
				PRODUCT_BUNDLE_IDENTIFIER = com.example.CoverFlowFinder;
				PRODUCT_NAME = "$(TARGET_NAME)";
				SWIFT_EMIT_LOC_STRINGS = YES;
				SWIFT_VERSION = 5.0;
			};
			name = Release;
		};
/* End XCBuildConfiguration section */

/* Begin XCConfigurationList section */
		2A0000080000000000000001 /* Build configuration list for PBXNativeTarget "CoverFlowFinder" */ = {
			isa = XCConfigurationList;
			buildConfigurations = (
				2A00000A0000000000000003 /* Debug */,
				2A00000A0000000000000004 /* Release */,
			);
			defaultConfigurationIsVisible = 0;
			defaultConfigurationName = Release;
		};
		2A0000080000000000000002 /* Build configuration list for PBXProject "CoverFlowFinder" */ = {
			isa = XCConfigurationList;
			buildConfigurations = (
				2A00000A0000000000000001 /* Debug */,
				2A00000A0000000000000002 /* Release */,
			);
			defaultConfigurationIsVisible = 0;
			defaultConfigurationName = Release;
		};
/* End XCConfigurationList section */
	};
	rootObject = 2A0000090000000000000001 /* Project object */;
}
